
Microsoft Visual Studio Solution File, Format Version 12.00
Project("{FAE04EC0-301F-11D3-BF4B-00C04F79EFBC}") = "Jazani.Api", "Jazani.Api\Jazani.Api.csproj", "{11A22624-F7FA-49B4-8980-E123EB533595}"
EndProject
Project("{FAE04EC0-301F-11D3-BF4B-00C04F79EFBC}") = "Jazani.Domain", "Jazani.Domain\Jazani.Domain.csproj", "{22BD6319-2E4B-42DF-ADAB-7972C7D7BC74}"
EndProject
Project("{FAE04EC0-301F-11D3-BF4B-00C04F79EFBC}") = "Jazani.Application", "Jazani.Application\Jazani.Application.csproj", "{84A03934-144D-47ED-A479-CFA8E7FB094A}"
EndProject
Project("{FAE04EC0-301F-11D3-BF4B-00C04F79EFBC}") = "Jazani.Infrastructure", "Jazani.Infrastructure\Jazani.Infrastructure.csproj", "{D8CCF1EE-5EF5-4D06-ABAD-9E57E7257768}"
EndProject
Global
	GlobalSection(SolutionConfigurationPlatforms) = preSolution
		Debug|Any CPU = Debug|Any CPU
		Release|Any CPU = Release|Any CPU
	EndGlobalSection
	GlobalSection(ProjectConfigurationPlatforms) = postSolution
		{11A22624-F7FA-49B4-8980-E123EB533595}.Debug|Any CPU.ActiveCfg = Debug|Any CPU
		{11A22624-F7FA-49B4-8980-E123EB533595}.Debug|Any CPU.Build.0 = Debug|Any CPU
		{11A22624-F7FA-49B4-8980-E123EB533595}.Release|Any CPU.ActiveCfg = Release|Any CPU
		{11A22624-F7FA-49B4-8980-E123EB533595}.Release|Any CPU.Build.0 = Release|Any CPU
		{22BD6319-2E4B-42DF-ADAB-7972C7D7BC74}.Debug|Any CPU.ActiveCfg = Debug|Any CPU
		{22BD6319-2E4B-42DF-ADAB-7972C7D7BC74}.Debug|Any CPU.Build.0 = Debug|Any CPU
		{22BD6319-2E4B-42DF-ADAB-7972C7D7BC74}.Release|Any CPU.ActiveCfg = Release|Any CPU
		{22BD6319-2E4B-42DF-ADAB-7972C7D7BC74}.Release|Any CPU.Build.0 = Release|Any CPU
		{84A03934-144D-47ED-A479-CFA8E7FB094A}.Debug|Any CPU.ActiveCfg = Debug|Any CPU
		{84A03934-144D-47ED-A479-CFA8E7FB094A}.Debug|Any CPU.Build.0 = Debug|Any CPU
		{84A03934-144D-47ED-A479-CFA8E7FB094A}.Release|Any CPU.ActiveCfg = Release|Any CPU
		{84A03934-144D-47ED-A479-CFA8E7FB094A}.Release|Any CPU.Build.0 = Release|Any CPU
		{D8CCF1EE-5EF5-4D06-ABAD-9E57E7257768}.Debug|Any CPU.ActiveCfg = Debug|Any CPU
		{D8CCF1EE-5EF5-4D06-ABAD-9E57E7257768}.Debug|Any CPU.Build.0 = Debug|Any CPU
		{D8CCF1EE-5EF5-4D06-ABAD-9E57E7257768}.Release|Any CPU.ActiveCfg = Release|Any CPU
		{D8CCF1EE-5EF5-4D06-ABAD-9E57E7257768}.Release|Any CPU.Build.0 = Release|Any CPU
	EndGlobalSection
EndGlobal
